{
  "name": "uglify-js",
  "version": "2.7.5",
  "dependencies": {
    "abbrev": {
      "version": "1.0.9",
      "from": "abbrev@>=1.0.0 <2.0.0",
      "resolved": "https://registry.npmjs.org/abbrev/-/abbrev-1.0.9.tgz",
      "dev": true
    },
    "acorn": {
      "version": "0.6.0",
      "from": "acorn@>=0.6.0 <0.7.0",
      "resolved": "https://registry.npmjs.org/acorn/-/acorn-0.6.0.tgz",
      "dev": true
    },
    "align-text": {
      "version": "0.1.4",
      "from": "align-text@>=0.1.3 <0.2.0",
      "resolved": "https://registry.npmjs.org/align-text/-/align-text-0.1.4.tgz"
    },
    "amdefine": {
      "version": "1.0.1",
      "from": "amdefine@>=0.0.4",
      "resolved": "https://registry.npmjs.org/amdefine/-/amdefine-1.0.1.tgz",
      "dev": true,
      "optional": true
    },
    "async": {
      "version": "0.2.10",
      "from": "async@>=0.2.6 <0.3.0",
      "resolved": "https://registry.npmjs.org/async/-/async-0.2.10.tgz"
    },
    "camelcase": {
      "version": "1.2.1",
      "from": "camelcase@>=1.0.2 <2.0.0",
      "resolved": "https://registry.npmjs.org/camelcase/-/camelcase-1.2.1.tgz"
    },
    "center-align": {
      "version": "0.1.3",
      "from": "center-align@>=0.1.1 <0.2.0",
      "resolved": "https://registry.npmjs.org/center-align/-/center-align-0.1.3.tgz"
    },
    "cliui": {
      "version": "2.1.0",
      "from": "cliui@>=2.1.0 <3.0.0",
      "resolved": "https://registry.npmjs.org/cliui/-/cliui-2.1.0.tgz"
    },
    "commander": {
      "version": "2.3.0",
      "from": "commander@2.3.0",
      "resolved": "https://registry.npmjs.org/commander/-/commander-2.3.0.tgz",
      "dev": true
    },
    "debug": {
      "version": "2.2.0",
      "from": "debug@2.2.0",
      "resolved": "https://registry.npmjs.org/debug/-/debug-2.2.0.tgz",
      "dev": true
    },
    "decamelize": {
      "version": "1.2.0",
      "from": "decamelize@>=1.0.0 <2.0.0",
      "resolved": "https://registry.npmjs.org/decamelize/-/decamelize-1.2.0.tgz"
    },
    "deep-is": {
      "version": "0.1.3",
      "from": "deep-is@>=0.1.3 <0.2.0",
      "resolved": "https://registry.npmjs.org/deep-is/-/deep-is-0.1.3.tgz",
      "dev": true
    },
    "diff": {
      "version": "1.4.0",
      "from": "diff@1.4.0",
      "resolved": "https://registry.npmjs.org/diff/-/diff-1.4.0.tgz",
      "dev": true
    },
    "escape-string-regexp": {
      "version": "1.0.2",
      "from": "escape-string-regexp@1.0.2",
      "resolved": "https://registry.npmjs.org/escape-string-regexp/-/escape-string-regexp-1.0.2.tgz",
      "dev": true
    },
    "escodegen": {
      "version": "1.3.3",
      "from": "escodegen@>=1.3.3 <1.4.0",
      "resolved": "https://registry.npmjs.org/escodegen/-/escodegen-1.3.3.tgz",
      "dev": true,
      "dependencies": {
        "source-map": {
          "version": "0.1.43",
          "from": "source-map@>=0.1.33 <0.2.0",
          "resolved": "https://registry.npmjs.org/source-map/-/source-map-0.1.43.tgz",
          "dev": true,
          "optional": true
        }
      }
    },
    "esfuzz": {
      "version": "0.3.1",
      "from": "esfuzz@>=0.3.1 <0.4.0",
      "resolved": "https://registry.npmjs.org/esfuzz/-/esfuzz-0.3.1.tgz",
      "dev": true,
      "dependencies": {
        "acorn": {
          "version": "4.0.4",
          "from": "git://github.com/marijnh/acorn.git",
          "resolved": "git://github.com/marijnh/acorn.git#49e68b36a818dbfc520bac61797f170d9904e8db",
          "dev": true,
          "optional": true
        },
        "escodegen": {
          "version": "1.8.1",
          "from": "git://github.com/Constellation/escodegen.git",
          "resolved": "git://github.com/Constellation/escodegen.git#719de3033c4a9a0df27f698c47b48d2af7241835",
          "dev": true,
          "dependencies": {
            "esprima": {
              "version": "2.7.3",
              "from": "esprima@>=2.7.1 <3.0.0",
              "resolved": "https://registry.npmjs.org/esprima/-/esprima-2.7.3.tgz",
              "dev": true
            }
          }
        },
        "esprima": {
          "version": "4.0.0-dev",
          "from": "git://github.com/ariya/esprima.git",
          "resolved": "git://github.com/ariya/esprima.git#0cdc8e0d61c40dcf7416425a3b455fa4440ecaa6",
          "dev": true,
          "optional": true
        },
        "estraverse": {
          "version": "1.9.3",
          "from": "estraverse@>=1.9.1 <2.0.0",
          "resolved": "https://registry.npmjs.org/estraverse/-/estraverse-1.9.3.tgz",
          "dev": true
        },
        "esutils": {
          "version": "2.0.2",
          "from": "esutils@>=2.0.2 <3.0.0",
          "resolved": "https://registry.npmjs.org/esutils/-/esutils-2.0.2.tgz",
          "dev": true
        },
        "source-map": {
          "version": "0.2.0",
          "from": "source-map@>=0.2.0 <0.3.0",
          "resolved": "https://registry.npmjs.org/source-map/-/source-map-0.2.0.tgz",
          "dev": true,
          "optional": true
        }
      }
    },
    "esprima": {
      "version": "1.1.1",
      "from": "esprima@>=1.1.1 <1.2.0",
      "resolved": "https://registry.npmjs.org/esprima/-/esprima-1.1.1.tgz",
      "dev": true
    },
    "estraverse": {
      "version": "1.5.1",
      "from": "estraverse@>=1.5.1 <1.6.0",
      "resolved": "https://registry.npmjs.org/estraverse/-/estraverse-1.5.1.tgz",
      "dev": true
    },
    "esutils": {
      "version": "1.0.0",
      "from": "esutils@>=1.0.0 <1.1.0",
      "resolved": "https://registry.npmjs.org/esutils/-/esutils-1.0.0.tgz",
      "dev": true
    },
    "fast-levenshtein": {
      "version": "2.0.6",
      "from": "fast-levenshtein@>=2.0.4 <2.1.0",
      "resolved": "https://registry.npmjs.org/fast-levenshtein/-/fast-levenshtein-2.0.6.tgz",
      "dev": true
    },
    "glob": {
      "version": "3.2.3",
      "from": "glob@3.2.3",
      "resolved": "https://registry.npmjs.org/glob/-/glob-3.2.3.tgz",
      "dev": true
    },
    "graceful-fs": {
      "version": "2.0.3",
      "from": "graceful-fs@>=2.0.0 <2.1.0",
      "resolved": "https://registry.npmjs.org/graceful-fs/-/graceful-fs-2.0.3.tgz",
      "dev": true
    },
    "growl": {
      "version": "1.8.1",
      "from": "growl@1.8.1",
      "resolved": "https://registry.npmjs.org/growl/-/growl-1.8.1.tgz",
      "dev": true
    },
    "inherits": {
      "version": "2.0.3",
      "from": "inherits@>=2.0.0 <3.0.0",
      "resolved": "https://registry.npmjs.org/inherits/-/inherits-2.0.3.tgz",
      "dev": true
    },
    "is-buffer": {
      "version": "1.1.4",
      "from": "is-buffer@>=1.0.2 <2.0.0",
      "resolved": "https://registry.npmjs.org/is-buffer/-/is-buffer-1.1.4.tgz"
    },
    "jade": {
      "version": "0.26.3",
      "from": "jade@0.26.3",
      "resolved": "https://registry.npmjs.org/jade/-/jade-0.26.3.tgz",
      "dev": true,
      "dependencies": {
        "commander": {
          "version": "0.6.1",
          "from": "commander@0.6.1",
          "resolved": "https://registry.npmjs.org/commander/-/commander-0.6.1.tgz",
          "dev": true
        },
        "mkdirp": {
          "version": "0.3.0",
          "from": "mkdirp@0.3.0",
          "resolved": "https://registry.npmjs.org/mkdirp/-/mkdirp-0.3.0.tgz",
          "dev": true
        }
      }
    },
    "kind-of": {
      "version": "3.1.0",
      "from": "kind-of@>=3.0.2 <4.0.0",
      "resolved": "https://registry.npmjs.org/kind-of/-/kind-of-3.1.0.tgz"
    },
    "lazy-cache": {
      "version": "1.0.4",
      "from": "lazy-cache@>=1.0.3 <2.0.0",
      "resolved": "https://registry.npmjs.org/lazy-cache/-/lazy-cache-1.0.4.tgz"
    },
    "levn": {
      "version": "0.3.0",
      "from": "levn@>=0.3.0 <0.4.0",
      "resolved": "https://registry.npmjs.org/levn/-/levn-0.3.0.tgz",
      "dev": true
    },
    "longest": {
      "version": "1.0.1",
      "from": "longest@>=1.0.1 <2.0.0",
      "resolved": "https://registry.npmjs.org/longest/-/longest-1.0.1.tgz"
    },
    "lru-cache": {
      "version": "2.7.3",
      "from": "lru-cache@>=2.0.0 <3.0.0",
      "resolved": "https://registry.npmjs.org/lru-cache/-/lru-cache-2.7.3.tgz",
      "dev": true
    },
    "minimatch": {
      "version": "0.2.14",
      "from": "minimatch@>=0.2.11 <0.3.0",
      "resolved": "https://registry.npmjs.org/minimatch/-/minimatch-0.2.14.tgz",
      "dev": true
    },
    "minimist": {
      "version": "0.0.8",
      "from": "minimist@0.0.8",
      "resolved": "https://registry.npmjs.org/minimist/-/minimist-0.0.8.tgz",
      "dev": true
    },
    "mkdirp": {
      "version": "0.5.0",
      "from": "mkdirp@0.5.0",
      "resolved": "https://registry.npmjs.org/mkdirp/-/mkdirp-0.5.0.tgz",
      "dev": true
    },
    "mocha": {
      "version": "2.3.4",
      "from": "mocha@>=2.3.4 <2.4.0",
      "resolved": "https://registry.npmjs.org/mocha/-/mocha-2.3.4.tgz",
      "dev": true
    },
    "ms": {
      "version": "0.7.1",
      "from": "ms@0.7.1",
      "resolved": "https://registry.npmjs.org/ms/-/ms-0.7.1.tgz",
      "dev": true
    },
    "nopt": {
      "version": "2.1.2",
      "from": "nopt@>=2.1.2 <2.2.0",
      "resolved": "https://registry.npmjs.org/nopt/-/nopt-2.1.2.tgz",
      "dev": true
    },
    "optionator": {
      "version": "0.8.2",
      "from": "optionator@>=0.8.1 <0.9.0",
      "resolved": "https://registry.npmjs.org/optionator/-/optionator-0.8.2.tgz",
      "dev": true,
      "dependencies": {
        "wordwrap": {
          "version": "1.0.0",
          "from": "wordwrap@>=1.0.0 <1.1.0",
          "resolved": "https://registry.npmjs.org/wordwrap/-/wordwrap-1.0.0.tgz",
          "dev": true
        }
      }
    },
    "prelude-ls": {
      "version": "1.1.2",
      "from": "prelude-ls@>=1.1.2 <1.2.0",
      "resolved": "https://registry.npmjs.org/prelude-ls/-/prelude-ls-1.1.2.tgz",
      "dev": true
    },
    "reflect": {
      "version": "0.1.3",
      "from": "git://github.com/zaach/reflect.js.git",
      "resolved": "git://github.com/zaach/reflect.js.git#286bcd79661c96ecc404357d3c0e35fdb54a6967",
      "dev": true,
      "optional": true
    },
    "repeat-string": {
      "version": "1.6.1",
      "from": "repeat-string@>=1.5.2 <2.0.0",
      "resolved": "https://registry.npmjs.org/repeat-string/-/repeat-string-1.6.1.tgz"
    },
    "right-align": {
      "version": "0.1.3",
      "from": "right-align@>=0.1.1 <0.2.0",
      "resolved": "https://registry.npmjs.org/right-align/-/right-align-0.1.3.tgz"
    },
    "sigmund": {
      "version": "1.0.1",
      "from": "sigmund@>=1.0.0 <1.1.0",
      "resolved": "https://registry.npmjs.org/sigmund/-/sigmund-1.0.1.tgz",
      "dev": true
    },
    "source-map": {
      "version": "0.5.6",
      "from": "source-map@>=0.5.1 <0.6.0",
      "resolved": "https://registry.npmjs.org/source-map/-/source-map-0.5.6.tgz"
    },
    "supports-color": {
      "version": "1.2.0",
      "from": "supports-color@1.2.0",
      "resolved": "https://registry.npmjs.org/supports-color/-/supports-color-1.2.0.tgz",
      "dev": true
    },
    "type-check": {
      "version": "0.3.2",
      "from": "type-check@>=0.3.2 <0.4.0",
      "resolved": "https://registry.npmjs.org/type-check/-/type-check-0.3.2.tgz",
      "dev": true
    },
    "uglify-js": {
      "version": "2.7.5",
      "from": "git://github.com/mishoo/UglifyJS2.git",
      "resolved": "git://github.com/mishoo/UglifyJS2.git#5c7705fcada66f35878427d620a194ad9d2f2918",
      "dev": true,
      "optional": true
    },
    "uglify-to-browserify": {
      "version": "1.0.2",
      "from": "uglify-to-browserify@>=1.0.0 <1.1.0",
      "resolved": "https://registry.npmjs.org/uglify-to-browserify/-/uglify-to-browserify-1.0.2.tgz"
    },
    "window-size": {
      "version": "0.1.0",
      "from": "window-size@0.1.0",
      "resolved": "https://registry.npmjs.org/window-size/-/window-size-0.1.0.tgz"
    },
    "wordwrap": {
      "version": "0.0.2",
      "from": "wordwrap@0.0.2",
      "resolved": "https://registry.npmjs.org/wordwrap/-/wordwrap-0.0.2.tgz"
    },
    "yargs": {
      "version": "3.10.0",
      "from": "yargs@>=3.10.0 <3.11.0",
      "resolved": "https://registry.npmjs.org/yargs/-/yargs-3.10.0.tgz"
    },
    "zeparser": {
      "version": "0.0.7",
      "from": "git://github.com/qfox/ZeParser.git",
      "resolved": "git://github.com/qfox/ZeParser.git#c99240c5ba7054c467733800ff38265958a2dda9",
      "dev": true,
      "optional": true
    }
  }
}
