{
  "name": "uglify-js",
  "version": "2.4.24",
  "dependencies": {
    "abbrev": {
      "version": "1.0.7",
      "from": "abbrev@>=1.0.0 <2.0.0",
      "resolved": "https://registry.npmjs.org/abbrev/-/abbrev-1.0.7.tgz"
    },
    "amdefine": {
      "version": "1.0.0",
      "from": "amdefine@>=0.0.4",
      "resolved": "https://registry.npmjs.org/amdefine/-/amdefine-1.0.0.tgz"
    },
    "async": {
      "version": "0.2.10",
      "from": "async@>=0.2.6 <0.3.0",
      "resolved": "https://registry.npmjs.org/async/-/async-0.2.10.tgz"
    },
    "camelcase": {
      "version": "1.2.1",
      "from": "camelcase@>=1.0.2 <2.0.0",
      "resolved": "https://registry.npmjs.org/camelcase/-/camelcase-1.2.1.tgz"
    },
    "decamelize": {
      "version": "1.0.0",
      "from": "decamelize@>=1.0.0 <2.0.0",
      "resolved": "https://registry.npmjs.org/decamelize/-/decamelize-1.0.0.tgz"
    },
    "deep-is": {
      "version": "0.1.3",
      "from": "deep-is@>=0.1.2 <0.2.0",
      "resolved": "https://registry.npmjs.org/deep-is/-/deep-is-0.1.3.tgz"
    },
    "esprima": {
      "version": "1.1.1",
      "from": "esprima@>=1.1.1 <1.2.0",
      "resolved": "https://registry.npmjs.org/esprima/-/esprima-1.1.1.tgz"
    },
    "estraverse": {
      "version": "1.5.1",
      "from": "estraverse@>=1.5.1 <1.6.0",
      "resolved": "https://registry.npmjs.org/estraverse/-/estraverse-1.5.1.tgz"
    },
    "esutils": {
      "version": "1.0.0",
      "from": "esutils@>=1.0.0 <1.1.0",
      "resolved": "https://registry.npmjs.org/esutils/-/esutils-1.0.0.tgz"
    },
    "fast-levenshtein": {
      "version": "1.0.7",
      "from": "fast-levenshtein@>=1.0.0 <1.1.0",
      "resolved": "https://registry.npmjs.org/fast-levenshtein/-/fast-levenshtein-1.0.7.tgz"
    },
    "levn": {
      "version": "0.2.5",
      "from": "levn@>=0.2.5 <0.3.0",
      "resolved": "https://registry.npmjs.org/levn/-/levn-0.2.5.tgz"
    },
    "nopt": {
      "version": "2.1.2",
      "from": "nopt@>=2.1.2 <2.2.0",
      "resolved": "https://registry.npmjs.org/nopt/-/nopt-2.1.2.tgz"
    },
    "optionator": {
      "version": "0.5.0",
      "from": "optionator@>=0.5.0 <0.6.0",
      "resolved": "https://registry.npmjs.org/optionator/-/optionator-0.5.0.tgz"
    },
    "prelude-ls": {
      "version": "1.1.2",
      "from": "prelude-ls@>=1.1.1 <1.2.0",
      "resolved": "https://registry.npmjs.org/prelude-ls/-/prelude-ls-1.1.2.tgz"
    },
    "reflect": {
      "version": "0.1.3",
      "from": "git://github.com/zaach/reflect.js.git",
      "resolved": "git://github.com/zaach/reflect.js.git#286bcd79661c96ecc404357d3c0e35fdb54a6967"
    },
    "source-map": {
      "version": "0.5.1",
      "from": "source-map@>=0.5.1 <0.6.0",
      "resolved": "https://registry.npmjs.org/source-map/-/source-map-0.5.1.tgz"
    },
    "type-check": {
      "version": "0.3.1",
      "from": "type-check@>=0.3.1 <0.4.0",
      "resolved": "https://registry.npmjs.org/type-check/-/type-check-0.3.1.tgz"
    },
    "uglify-js": {
      "version": "2.4.24",
      "from": "git://github.com/mishoo/UglifyJS2.git",
      "resolved": "git://github.com/mishoo/UglifyJS2.git#2a06c7758e24a64740473c8031eafbb7fefa213f",
      "dependencies": {
        "source-map": {
          "version": "0.1.34",
          "from": "source-map@0.1.34",
          "resolved": "https://registry.npmjs.org/source-map/-/source-map-0.1.34.tgz"
        }
      }
    },
    "uglify-to-browserify": {
      "version": "1.0.2",
      "from": "uglify-to-browserify@>=1.0.0 <1.1.0",
      "resolved": "https://registry.npmjs.org/uglify-to-browserify/-/uglify-to-browserify-1.0.2.tgz"
    },
    "window-size": {
      "version": "0.1.0",
      "from": "window-size@0.1.0",
      "resolved": "https://registry.npmjs.org/window-size/-/window-size-0.1.0.tgz"
    },
    "wordwrap": {
      "version": "0.0.2",
      "from": "wordwrap@0.0.2",
      "resolved": "https://registry.npmjs.org/wordwrap/-/wordwrap-0.0.2.tgz"
    },
    "yargs": {
      "version": "3.10.0",
      "from": "yargs@>=3.10.0 <3.11.0",
      "resolved": "https://registry.npmjs.org/yargs/-/yargs-3.10.0.tgz"
    },
    "zeparser": {
      "version": "0.0.7",
      "from": "git://github.com/qfox/ZeParser.git",
      "resolved": "git://github.com/qfox/ZeParser.git#c99240c5ba7054c467733800ff38265958a2dda9"
    }
  }
}
